
Microsoft Visual Studio Solution File, Format Version 12.00
# Visual Studio 15
VisualStudioVersion = 15.0.28307.136
MinimumVisualStudioVersion = 10.0.40219.1
Project("{FAE04EC0-301F-11D3-BF4B-00C04F79EFBC}") = "RemoteInstallWpf", "RemoteInstall\RemoteInstallWpf.csproj", "{C7D5373F-F5DE-4E2C-A41A-FF0ED2C7824E}"
EndProject
Global
	GlobalSection(SolutionConfigurationPlatforms) = preSolution
		Debug|Any CPU = Debug|Any CPU
		Release|Any CPU = Release|Any CPU
	EndGlobalSection
	GlobalSection(ProjectConfigurationPlatforms) = postSolution
		{C7D5373F-F5DE-4E2C-A41A-FF0ED2C7824E}.Debug|Any CPU.ActiveCfg = Debug|Any CPU
		{C7D5373F-F5DE-4E2C-A41A-FF0ED2C7824E}.Debug|Any CPU.Build.0 = Debug|Any CPU
		{C7D5373F-F5DE-4E2C-A41A-FF0ED2C7824E}.Release|Any CPU.ActiveCfg = Release|Any CPU
		{C7D5373F-F5DE-4E2C-A41A-FF0ED2C7824E}.Release|Any CPU.Build.0 = Release|Any CPU
	EndGlobalSection
	GlobalSection(SolutionProperties) = preSolution
		HideSolutionNode = FALSE
	EndGlobalSection
	GlobalSection(ExtensibilityGlobals) = postSolution
		SolutionGuid = {1DCEB2E6-0862-42AE-ABBD-FF64E1EED3F6}
	EndGlobalSection
EndGlobal
